// !$*UTF8*$!
{
	archiveVersion = 1;
	classes = {
	};
	objectVersion = 46;
	objects = {

/* Begin PBXBuildFile section */
		2C2641AB1703E42F00E35977 /* CFNetwork.framework in Frameworks */ = {isa = PBXBuildFile; fileRef = 2C2641AA1703E42F00E35977 /* CFNetwork.framework */; };
		2C2641AD1703E44400E35977 /* MobileCoreServices.framework in Frameworks */ = {isa = PBXBuildFile; fileRef = 2C2641AC1703E44400E35977 /* MobileCoreServices.framework */; };
		2C2641AF1703E45600E35977 /* libz.dylib in Frameworks */ = {isa = PBXBuildFile; fileRef = 2C2641AE1703E45600E35977 /* libz.dylib */; };
		2C2AF91C16D17511005E837D /* AudioToolbox.framework in Frameworks */ = {isa = PBXBuildFile; fileRef = 2C2AF91B16D17511005E837D /* AudioToolbox.framework */; settings = {ATTRIBUTES = (Required, ); }; };
		2C2AF91E16D177C8005E837D /* Correct.wav in Resources */ = {isa = PBXBuildFile; fileRef = 2C2AF91D16D177C8005E837D /* Correct.wav */; };
		2C2AF92116D17B5D005E837D /* Wrong.wav in Resources */ = {isa = PBXBuildFile; fileRef = 2C2AF92016D17B5D005E837D /* Wrong.wav */; };
		2C2AF92316D185EB005E837D /* Backspace.wav in Resources */ = {isa = PBXBuildFile; fileRef = 2C2AF92216D185EB005E837D /* Backspace.wav */; };
		2C52D3CB16BF17F200588266 /* LevelSelectorView.m in Sources */ = {isa = PBXBuildFile; fileRef = 2C52D3CA16BF17F200588266 /* LevelSelectorView.m */; };
		2C52D3CF16BF563C00588266 /* SummaryViewController.m in Sources */ = {isa = PBXBuildFile; fileRef = 2C52D3CD16BF563C00588266 /* SummaryViewController.m */; };
		2C52D3D016BF563C00588266 /* SummaryViewController.xib in Resources */ = {isa = PBXBuildFile; fileRef = 2C52D3CE16BF563C00588266 /* SummaryViewController.xib */; };
		2C5CBC9916B0E605006473BB /* ModeSelectorViewController.m in Sources */ = {isa = PBXBuildFile; fileRef = 2C5CBC9716B0E605006473BB /* ModeSelectorViewController.m */; };
		2C5CBC9A16B0E605006473BB /* ModeSelectorViewController.xib in Resources */ = {isa = PBXBuildFile; fileRef = 2C5CBC9816B0E605006473BB /* ModeSelectorViewController.xib */; };
		2C72546017598A6900DD17A2 /* SharedGestureState.m in Sources */ = {isa = PBXBuildFile; fileRef = 2C72545F17598A6900DD17A2 /* SharedGestureState.m */; };
		2C74AED716E3F9E20095143A /* Logger.m in Sources */ = {isa = PBXBuildFile; fileRef = 2C74AED616E3F9E20095143A /* Logger.m */; };
		2C97440816D0A686001A2E1B /* GameViewController.m in Sources */ = {isa = PBXBuildFile; fileRef = 2C97440616D0A686001A2E1B /* GameViewController.m */; };
		2C97440916D0A686001A2E1B /* GameViewController.xib in Resources */ = {isa = PBXBuildFile; fileRef = 2C97440716D0A686001A2E1B /* GameViewController.xib */; };
		2C9802F11702759500A8D5C3 /* SystemConfiguration.framework in Frameworks */ = {isa = PBXBuildFile; fileRef = 2C9802F01702759500A8D5C3 /* SystemConfiguration.framework */; };
		2C98C54E171C831F00DA8BAF /* LogSenderOperation.m in Sources */ = {isa = PBXBuildFile; fileRef = 2C98C54D171C831F00DA8BAF /* LogSenderOperation.m */; };
		2CA3CD52170FB6A300E06E30 /* GameInformationManager.m in Sources */ = {isa = PBXBuildFile; fileRef = 2CA3CD51170FB6A300E06E30 /* GameInformationManager.m */; };
		2CA62DF317307CC9001B7A97 /* NaturalGestureDetector.m in Sources */ = {isa = PBXBuildFile; fileRef = 2CA62DF217307CC9001B7A97 /* NaturalGestureDetector.m */; };
		2CA62DF617307FC4001B7A97 /* LessNaturalGestureDetector.m in Sources */ = {isa = PBXBuildFile; fileRef = 2CA62DF517307FC4001B7A97 /* LessNaturalGestureDetector.m */; };
		2CAC525E16D0369400DB070B /* StartMenuViewController.m in Sources */ = {isa = PBXBuildFile; fileRef = 2CAC525C16D0369400DB070B /* StartMenuViewController.m */; };
		2CB5BACB171B587E0042AF27 /* GameKit.framework in Frameworks */ = {isa = PBXBuildFile; fileRef = 2CB5BACA171B587E0042AF27 /* GameKit.framework */; };
		2CB5BACF171B5F520042AF27 /* GameCenterManager.m in Sources */ = {isa = PBXBuildFile; fileRef = 2CB5BACE171B5F520042AF27 /* GameCenterManager.m */; };
		2CB9741B174982870086D6D9 /* Overview.txt in Resources */ = {isa = PBXBuildFile; fileRef = 2CB9741A174982870086D6D9 /* Overview.txt */; };
		2CB974201749C15E0086D6D9 /* NaturalTutorialViewController.m in Sources */ = {isa = PBXBuildFile; fileRef = 2CB9741E1749C15E0086D6D9 /* NaturalTutorialViewController.m */; };
		2CB974211749C15E0086D6D9 /* NaturalTutorialViewController.xib in Resources */ = {isa = PBXBuildFile; fileRef = 2CB9741F1749C15E0086D6D9 /* NaturalTutorialViewController.xib */; };
		2CB974251749C86E0086D6D9 /* LessNaturalTutorialViewController.m in Sources */ = {isa = PBXBuildFile; fileRef = 2CB974231749C86E0086D6D9 /* LessNaturalTutorialViewController.m */; };
		2CB974261749C86E0086D6D9 /* LessNaturalTutorialViewController.xib in Resources */ = {isa = PBXBuildFile; fileRef = 2CB974241749C86E0086D6D9 /* LessNaturalTutorialViewController.xib */; };
		2CB9742A1749C8A70086D6D9 /* TutorialViewController.m in Sources */ = {isa = PBXBuildFile; fileRef = 2CB974281749C8A70086D6D9 /* TutorialViewController.m */; };
		2CB9742B1749C8A70086D6D9 /* TutorialViewController.xib in Resources */ = {isa = PBXBuildFile; fileRef = 2CB974291749C8A70086D6D9 /* TutorialViewController.xib */; };
		2CCC5F0316FBF82800165373 /* CoreData.framework in Frameworks */ = {isa = PBXBuildFile; fileRef = 2CCC5F0216FBF82800165373 /* CoreData.framework */; };
		2CD2F86216DB1A4900839C4B /* Click.wav in Resources */ = {isa = PBXBuildFile; fileRef = 2CD2F86116DB1A4900839C4B /* Click.wav */; };
		2CD2F86416DB1A7C00839C4B /* DoubleClick.wav in Resources */ = {isa = PBXBuildFile; fileRef = 2CD2F86316DB1A7C00839C4B /* DoubleClick.wav */; };
		2CD6A48B16FBFB740077328E /* LogModel.xcdatamodeld in Sources */ = {isa = PBXBuildFile; fileRef = 2CD6A48916FBFB740077328E /* LogModel.xcdatamodeld */; };
		2CD6A48E16FC07B00077328E /* Event.m in Sources */ = {isa = PBXBuildFile; fileRef = 2CD6A48D16FC07B00077328E /* Event.m */; };
		2CD6A49116FCDDBF0077328E /* CoreDataModelWrapper.m in Sources */ = {isa = PBXBuildFile; fileRef = 2CD6A49016FCDDBF0077328E /* CoreDataModelWrapper.m */; };
		2CD6A49416FD0FE30077328E /* EventType.m in Sources */ = {isa = PBXBuildFile; fileRef = 2CD6A49316FD0FE30077328E /* EventType.m */; };
		2CD6A49916FEC6FB0077328E /* DemographicsViewController.m in Sources */ = {isa = PBXBuildFile; fileRef = 2CD6A49716FEC6FB0077328E /* DemographicsViewController.m */; };
		2CD6A49A16FEC6FB0077328E /* DemographicsViewController.xib in Resources */ = {isa = PBXBuildFile; fileRef = 2CD6A49816FEC6FB0077328E /* DemographicsViewController.xib */; };
		2CD6A4A117001F2A0077328E /* DataSender.m in Sources */ = {isa = PBXBuildFile; fileRef = 2CD6A4A017001F2A0077328E /* DataSender.m */; };
		2CDA13BD16C746CB0084A912 /* LevelSelectorViewController.m in Sources */ = {isa = PBXBuildFile; fileRef = 2CDA13BC16C746CB0084A912 /* LevelSelectorViewController.m */; };
		2CE3FE7917471D9C00C2632C /* GestureTypeUtility.m in Sources */ = {isa = PBXBuildFile; fileRef = 2CE3FE7817471D9C00C2632C /* GestureTypeUtility.m */; };
		2CE3FE821747E28A00C2632C /* OverviewTutorialViewController.m in Sources */ = {isa = PBXBuildFile; fileRef = 2CE3FE801747E28900C2632C /* OverviewTutorialViewController.m */; };
		2CE3FE831747E28A00C2632C /* OverviewTutorialViewController.xib in Resources */ = {isa = PBXBuildFile; fileRef = 2CE3FE811747E28900C2632C /* OverviewTutorialViewController.xib */; };
		2CF3C31C1736ACDF00D9F4E0 /* GestureDetector.m in Sources */ = {isa = PBXBuildFile; fileRef = 2CF3C31B1736ACDF00D9F4E0 /* GestureDetector.m */; };
		2CF3C31F1736B25200D9F4E0 /* BackspaceGestureDetector.m in Sources */ = {isa = PBXBuildFile; fileRef = 2CF3C31E1736B25200D9F4E0 /* BackspaceGestureDetector.m */; };
		2CF3C32217373E0900D9F4E0 /* GestureDetectorManager.m in Sources */ = {isa = PBXBuildFile; fileRef = 2CF3C32117373E0900D9F4E0 /* GestureDetectorManager.m */; };
		2CF3C3251737680800D9F4E0 /* SubmitGestureDetector.m in Sources */ = {isa = PBXBuildFile; fileRef = 2CF3C3241737680800D9F4E0 /* SubmitGestureDetector.m */; };
		2CF5DBA116B1A834001DB23A /* UserAgreementViewController.m in Sources */ = {isa = PBXBuildFile; fileRef = 2CF5DB9F16B1A834001DB23A /* UserAgreementViewController.m */; };
		2CF5DBA216B1A834001DB23A /* UserAgreementViewController.xib in Resources */ = {isa = PBXBuildFile; fileRef = 2CF5DBA016B1A834001DB23A /* UserAgreementViewController.xib */; };
		39A9D7F816A83D68003A8B7B /* GameEngine.m in Sources */ = {isa = PBXBuildFile; fileRef = 39A9D7F716A83D68003A8B7B /* GameEngine.m */; };
		39A9D7FB16A87AF9003A8B7B /* GameEngineTest.m in Sources */ = {isa = PBXBuildFile; fileRef = 39A9D7FA16A87AF9003A8B7B /* GameEngineTest.m */; };
		39C7C1EA169EFBE900A6DABA /* UIKit.framework in Frameworks */ = {isa = PBXBuildFile; fileRef = 39C7C1E9169EFBE900A6DABA /* UIKit.framework */; };
		39C7C1EC169EFBE900A6DABA /* Foundation.framework in Frameworks */ = {isa = PBXBuildFile; fileRef = 39C7C1EB169EFBE900A6DABA /* Foundation.framework */; };
		39C7C1EE169EFBE900A6DABA /* CoreGraphics.framework in Frameworks */ = {isa = PBXBuildFile; fileRef = 39C7C1ED169EFBE900A6DABA /* CoreGraphics.framework */; };
		39C7C1F4169EFBE900A6DABA /* InfoPlist.strings in Resources */ = {isa = PBXBuildFile; fileRef = 39C7C1F2169EFBE900A6DABA /* InfoPlist.strings */; };
		39C7C1F6169EFBE900A6DABA /* main.m in Sources */ = {isa = PBXBuildFile; fileRef = 39C7C1F5169EFBE900A6DABA /* main.m */; };
		39C7C1FA169EFBE900A6DABA /* AppDelegate.m in Sources */ = {isa = PBXBuildFile; fileRef = 39C7C1F9169EFBE900A6DABA /* AppDelegate.m */; };
		39C7C1FC169EFBEA00A6DABA /* Default.png in Resources */ = {isa = PBXBuildFile; fileRef = 39C7C1FB169EFBEA00A6DABA /* Default.png */; };
		39C7C1FE169EFBEA00A6DABA /* Default@2x.png in Resources */ = {isa = PBXBuildFile; fileRef = 39C7C1FD169EFBEA00A6DABA /* Default@2x.png */; };
		39C7C200169EFBEA00A6DABA /* Default-568h@2x.png in Resources */ = {isa = PBXBuildFile; fileRef = 39C7C1FF169EFBEA00A6DABA /* Default-568h@2x.png */; };
		39C7C203169EFBEA00A6DABA /* MainStoryboard_iPhone.storyboard in Resources */ = {isa = PBXBuildFile; fileRef = 39C7C201169EFBEA00A6DABA /* MainStoryboard_iPhone.storyboard */; };
		39C7C206169EFBEA00A6DABA /* MainStoryboard_iPad.storyboard in Resources */ = {isa = PBXBuildFile; fileRef = 39C7C204169EFBEA00A6DABA /* MainStoryboard_iPad.storyboard */; };
		39C7C211169EFBEA00A6DABA /* SenTestingKit.framework in Frameworks */ = {isa = PBXBuildFile; fileRef = 39C7C210169EFBEA00A6DABA /* SenTestingKit.framework */; };
		39C7C212169EFBEA00A6DABA /* UIKit.framework in Frameworks */ = {isa = PBXBuildFile; fileRef = 39C7C1E9169EFBE900A6DABA /* UIKit.framework */; };
		39C7C213169EFBEA00A6DABA /* Foundation.framework in Frameworks */ = {isa = PBXBuildFile; fileRef = 39C7C1EB169EFBE900A6DABA /* Foundation.framework */; };
		39C7C21B169EFBEA00A6DABA /* InfoPlist.strings in Resources */ = {isa = PBXBuildFile; fileRef = 39C7C219169EFBEA00A6DABA /* InfoPlist.strings */; };
		39C7C21E169EFBEA00A6DABA /* TapInputTests.m in Sources */ = {isa = PBXBuildFile; fileRef = 39C7C21D169EFBEA00A6DABA /* TapInputTests.m */; };
		C8478A223050496F9F7ABBF9 /* libPods.a in Frameworks */ = {isa = PBXBuildFile; fileRef = 19913A25C0CA481191CF9B95 /* libPods.a */; };
/* End PBXBuildFile section */

/* Begin PBXContainerItemProxy section */
		39C7C214169EFBEA00A6DABA /* PBXContainerItemProxy */ = {
			isa = PBXContainerItemProxy;
			containerPortal = 39C7C1DC169EFBE900A6DABA /* Project object */;
			proxyType = 1;
			remoteGlobalIDString = 39C7C1E4169EFBE900A6DABA;
			remoteInfo = TapInput;
		};
/* End PBXContainerItemProxy section */

/* Begin PBXFileReference section */
		19913A25C0CA481191CF9B95 /* libPods.a */ = {isa = PBXFileReference; explicitFileType = archive.ar; includeInIndex = 0; path = libPods.a; sourceTree = BUILT_PRODUCTS_DIR; };
		2C2641AA1703E42F00E35977 /* CFNetwork.framework */ = {isa = PBXFileReference; lastKnownFileType = wrapper.framework; name = CFNetwork.framework; path = System/Library/Frameworks/CFNetwork.framework; sourceTree = SDKROOT; };
		2C2641AC1703E44400E35977 /* MobileCoreServices.framework */ = {isa = PBXFileReference; lastKnownFileType = wrapper.framework; name = MobileCoreServices.framework; path = System/Library/Frameworks/MobileCoreServices.framework; sourceTree = SDKROOT; };
		2C2641AE1703E45600E35977 /* libz.dylib */ = {isa = PBXFileReference; lastKnownFileType = "compiled.mach-o.dylib"; name = libz.dylib; path = usr/lib/libz.dylib; sourceTree = SDKROOT; };
		2C2AF91B16D17511005E837D /* AudioToolbox.framework */ = {isa = PBXFileReference; lastKnownFileType = wrapper.framework; name = AudioToolbox.framework; path = System/Library/Frameworks/AudioToolbox.framework; sourceTree = SDKROOT; };
		2C2AF91D16D177C8005E837D /* Correct.wav */ = {isa = PBXFileReference; lastKnownFileType = audio.wav; name = Correct.wav; path = ../Sounds/Correct.wav; sourceTree = "<group>"; };
		2C2AF92016D17B5D005E837D /* Wrong.wav */ = {isa = PBXFileReference; lastKnownFileType = audio.wav; path = Wrong.wav; sourceTree = "<group>"; };
		2C2AF92216D185EB005E837D /* Backspace.wav */ = {isa = PBXFileReference; lastKnownFileType = audio.wav; path = Backspace.wav; sourceTree = "<group>"; };
		2C52D3C916BF17F200588266 /* LevelSelectorView.h */ = {isa = PBXFileReference; fileEncoding = 4; lastKnownFileType = sourcecode.c.h; path = LevelSelectorView.h; sourceTree = "<group>"; };
		2C52D3CA16BF17F200588266 /* LevelSelectorView.m */ = {isa = PBXFileReference; fileEncoding = 4; lastKnownFileType = sourcecode.c.objc; path = LevelSelectorView.m; sourceTree = "<group>"; };
		2C52D3CC16BF563C00588266 /* SummaryViewController.h */ = {isa = PBXFileReference; fileEncoding = 4; lastKnownFileType = sourcecode.c.h; name = SummaryViewController.h; path = ../SummaryViewController.h; sourceTree = "<group>"; };
		2C52D3CD16BF563C00588266 /* SummaryViewController.m */ = {isa = PBXFileReference; fileEncoding = 4; lastKnownFileType = sourcecode.c.objc; name = SummaryViewController.m; path = ../SummaryViewController.m; sourceTree = "<group>"; };
		2C52D3CE16BF563C00588266 /* SummaryViewController.xib */ = {isa = PBXFileReference; fileEncoding = 4; lastKnownFileType = file.xib; name = SummaryViewController.xib; path = ../SummaryViewController.xib; sourceTree = "<group>"; };
		2C5CBC9616B0E605006473BB /* ModeSelectorViewController.h */ = {isa = PBXFileReference; fileEncoding = 4; lastKnownFileType = sourcecode.c.h; path = ModeSelectorViewController.h; sourceTree = "<group>"; };
		2C5CBC9716B0E605006473BB /* ModeSelectorViewController.m */ = {isa = PBXFileReference; fileEncoding = 4; lastKnownFileType = sourcecode.c.objc; path = ModeSelectorViewController.m; sourceTree = "<group>"; };
		2C5CBC9816B0E605006473BB /* ModeSelectorViewController.xib */ = {isa = PBXFileReference; fileEncoding = 4; lastKnownFileType = file.xib; path = ModeSelectorViewController.xib; sourceTree = "<group>"; };
		2C72545E17598A6900DD17A2 /* SharedGestureState.h */ = {isa = PBXFileReference; fileEncoding = 4; lastKnownFileType = sourcecode.c.h; name = SharedGestureState.h; path = GestureDetection/SharedGestureState.h; sourceTree = "<group>"; };
		2C72545F17598A6900DD17A2 /* SharedGestureState.m */ = {isa = PBXFileReference; fileEncoding = 4; lastKnownFileType = sourcecode.c.objc; name = SharedGestureState.m; path = GestureDetection/SharedGestureState.m; sourceTree = "<group>"; };
		2C74AED516E3F9E20095143A /* Logger.h */ = {isa = PBXFileReference; fileEncoding = 4; lastKnownFileType = sourcecode.c.h; name = Logger.h; path = Logging/Logger.h; sourceTree = "<group>"; };
		2C74AED616E3F9E20095143A /* Logger.m */ = {isa = PBXFileReference; fileEncoding = 4; lastKnownFileType = sourcecode.c.objc; name = Logger.m; path = Logging/Logger.m; sourceTree = "<group>"; };
		2C97440516D0A686001A2E1B /* GameViewController.h */ = {isa = PBXFileReference; fileEncoding = 4; lastKnownFileType = sourcecode.c.h; path = GameViewController.h; sourceTree = "<group>"; };
		2C97440616D0A686001A2E1B /* GameViewController.m */ = {isa = PBXFileReference; fileEncoding = 4; lastKnownFileType = sourcecode.c.objc; path = GameViewController.m; sourceTree = "<group>"; };
		2C97440716D0A686001A2E1B /* GameViewController.xib */ = {isa = PBXFileReference; fileEncoding = 4; lastKnownFileType = file.xib; path = GameViewController.xib; sourceTree = "<group>"; };
		2C9802F01702759500A8D5C3 /* SystemConfiguration.framework */ = {isa = PBXFileReference; lastKnownFileType = wrapper.framework; name = SystemConfiguration.framework; path = System/Library/Frameworks/SystemConfiguration.framework; sourceTree = SDKROOT; };
		2C98C54C171C831F00DA8BAF /* LogSenderOperation.h */ = {isa = PBXFileReference; fileEncoding = 4; lastKnownFileType = sourcecode.c.h; path = LogSenderOperation.h; sourceTree = "<group>"; };
		2C98C54D171C831F00DA8BAF /* LogSenderOperation.m */ = {isa = PBXFileReference; fileEncoding = 4; lastKnownFileType = sourcecode.c.objc; path = LogSenderOperation.m; sourceTree = "<group>"; };
		2CA3CD50170FB6A300E06E30 /* GameInformationManager.h */ = {isa = PBXFileReference; fileEncoding = 4; lastKnownFileType = sourcecode.c.h; name = GameInformationManager.h; path = GameModel/GameInformationManager.h; sourceTree = "<group>"; };
		2CA3CD51170FB6A300E06E30 /* GameInformationManager.m */ = {isa = PBXFileReference; fileEncoding = 4; lastKnownFileType = sourcecode.c.objc; name = GameInformationManager.m; path = GameModel/GameInformationManager.m; sourceTree = "<group>"; };
		2CA62DF117307CC9001B7A97 /* NaturalGestureDetector.h */ = {isa = PBXFileReference; fileEncoding = 4; lastKnownFileType = sourcecode.c.h; name = NaturalGestureDetector.h; path = GestureDetection/NaturalGestureDetector.h; sourceTree = "<group>"; };
		2CA62DF217307CC9001B7A97 /* NaturalGestureDetector.m */ = {isa = PBXFileReference; fileEncoding = 4; lastKnownFileType = sourcecode.c.objc; name = NaturalGestureDetector.m; path = GestureDetection/NaturalGestureDetector.m; sourceTree = "<group>"; };
		2CA62DF417307FC4001B7A97 /* LessNaturalGestureDetector.h */ = {isa = PBXFileReference; fileEncoding = 4; lastKnownFileType = sourcecode.c.h; name = LessNaturalGestureDetector.h; path = GestureDetection/LessNaturalGestureDetector.h; sourceTree = "<group>"; };
		2CA62DF517307FC4001B7A97 /* LessNaturalGestureDetector.m */ = {isa = PBXFileReference; fileEncoding = 4; lastKnownFileType = sourcecode.c.objc; name = LessNaturalGestureDetector.m; path = GestureDetection/LessNaturalGestureDetector.m; sourceTree = "<group>"; };
		2CAC525B16D0369400DB070B /* StartMenuViewController.h */ = {isa = PBXFileReference; fileEncoding = 4; lastKnownFileType = sourcecode.c.h; path = StartMenuViewController.h; sourceTree = "<group>"; };
		2CAC525C16D0369400DB070B /* StartMenuViewController.m */ = {isa = PBXFileReference; fileEncoding = 4; lastKnownFileType = sourcecode.c.objc; path = StartMenuViewController.m; sourceTree = "<group>"; };
		2CB5BACA171B587E0042AF27 /* GameKit.framework */ = {isa = PBXFileReference; lastKnownFileType = wrapper.framework; name = GameKit.framework; path = System/Library/Frameworks/GameKit.framework; sourceTree = SDKROOT; };
		2CB5BACD171B5F520042AF27 /* GameCenterManager.h */ = {isa = PBXFileReference; fileEncoding = 4; lastKnownFileType = sourcecode.c.h; name = GameCenterManager.h; path = GameCenter/GameCenterManager.h; sourceTree = "<group>"; };
		2CB5BACE171B5F520042AF27 /* GameCenterManager.m */ = {isa = PBXFileReference; fileEncoding = 4; lastKnownFileType = sourcecode.c.objc; name = GameCenterManager.m; path = GameCenter/GameCenterManager.m; sourceTree = "<group>"; };
		2CB9741A174982870086D6D9 /* Overview.txt */ = {isa = PBXFileReference; fileEncoding = 4; lastKnownFileType = text; name = Overview.txt; path = TextSource/Overview.txt; sourceTree = "<group>"; };
		2CB9741D1749C15E0086D6D9 /* NaturalTutorialViewController.h */ = {isa = PBXFileReference; fileEncoding = 4; lastKnownFileType = sourcecode.c.h; name = NaturalTutorialViewController.h; path = Tutorials/NaturalTutorialViewController.h; sourceTree = "<group>"; };
		2CB9741E1749C15E0086D6D9 /* NaturalTutorialViewController.m */ = {isa = PBXFileReference; fileEncoding = 4; lastKnownFileType = sourcecode.c.objc; name = NaturalTutorialViewController.m; path = Tutorials/NaturalTutorialViewController.m; sourceTree = "<group>"; };
		2CB9741F1749C15E0086D6D9 /* NaturalTutorialViewController.xib */ = {isa = PBXFileReference; fileEncoding = 4; lastKnownFileType = file.xib; name = NaturalTutorialViewController.xib; path = Tutorials/NaturalTutorialViewController.xib; sourceTree = "<group>"; };
		2CB974221749C86E0086D6D9 /* LessNaturalTutorialViewController.h */ = {isa = PBXFileReference; fileEncoding = 4; lastKnownFileType = sourcecode.c.h; name = LessNaturalTutorialViewController.h; path = Tutorials/LessNaturalTutorialViewController.h; sourceTree = "<group>"; };
		2CB974231749C86E0086D6D9 /* LessNaturalTutorialViewController.m */ = {isa = PBXFileReference; fileEncoding = 4; lastKnownFileType = sourcecode.c.objc; name = LessNaturalTutorialViewController.m; path = Tutorials/LessNaturalTutorialViewController.m; sourceTree = "<group>"; };
		2CB974241749C86E0086D6D9 /* LessNaturalTutorialViewController.xib */ = {isa = PBXFileReference; fileEncoding = 4; lastKnownFileType = file.xib; name = LessNaturalTutorialViewController.xib; path = Tutorials/LessNaturalTutorialViewController.xib; sourceTree = "<group>"; };
		2CB974271749C8A70086D6D9 /* TutorialViewController.h */ = {isa = PBXFileReference; fileEncoding = 4; lastKnownFileType = sourcecode.c.h; name = TutorialViewController.h; path = Tutorials/TutorialViewController.h; sourceTree = "<group>"; };
		2CB974281749C8A70086D6D9 /* TutorialViewController.m */ = {isa = PBXFileReference; fileEncoding = 4; lastKnownFileType = sourcecode.c.objc; name = TutorialViewController.m; path = Tutorials/TutorialViewController.m; sourceTree = "<group>"; };
		2CB974291749C8A70086D6D9 /* TutorialViewController.xib */ = {isa = PBXFileReference; fileEncoding = 4; lastKnownFileType = file.xib; name = TutorialViewController.xib; path = Tutorials/TutorialViewController.xib; sourceTree = "<group>"; };
		2CCC5F0216FBF82800165373 /* CoreData.framework */ = {isa = PBXFileReference; lastKnownFileType = wrapper.framework; name = CoreData.framework; path = System/Library/Frameworks/CoreData.framework; sourceTree = SDKROOT; };
		2CD2F86116DB1A4900839C4B /* Click.wav */ = {isa = PBXFileReference; lastKnownFileType = audio.wav; path = Click.wav; sourceTree = "<group>"; };
		2CD2F86316DB1A7C00839C4B /* DoubleClick.wav */ = {isa = PBXFileReference; lastKnownFileType = audio.wav; path = DoubleClick.wav; sourceTree = "<group>"; };
		2CD6A48A16FBFB740077328E /* LogModel.xcdatamodel */ = {isa = PBXFileReference; lastKnownFileType = wrapper.xcdatamodel; path = LogModel.xcdatamodel; sourceTree = "<group>"; };
		2CD6A48C16FC07B00077328E /* Event.h */ = {isa = PBXFileReference; fileEncoding = 4; lastKnownFileType = sourcecode.c.h; name = Event.h; path = Logging/Event.h; sourceTree = "<group>"; };
		2CD6A48D16FC07B00077328E /* Event.m */ = {isa = PBXFileReference; fileEncoding = 4; lastKnownFileType = sourcecode.c.objc; name = Event.m; path = Logging/Event.m; sourceTree = "<group>"; };
		2CD6A48F16FCDDBF0077328E /* CoreDataModelWrapper.h */ = {isa = PBXFileReference; fileEncoding = 4; lastKnownFileType = sourcecode.c.h; name = CoreDataModelWrapper.h; path = Logging/CoreDataModelWrapper.h; sourceTree = "<group>"; };
		2CD6A49016FCDDBF0077328E /* CoreDataModelWrapper.m */ = {isa = PBXFileReference; fileEncoding = 4; lastKnownFileType = sourcecode.c.objc; name = CoreDataModelWrapper.m; path = Logging/CoreDataModelWrapper.m; sourceTree = "<group>"; };
		2CD6A49216FD0FE30077328E /* EventType.h */ = {isa = PBXFileReference; fileEncoding = 4; lastKnownFileType = sourcecode.c.h; name = EventType.h; path = Logging/EventType.h; sourceTree = "<group>"; };
		2CD6A49316FD0FE30077328E /* EventType.m */ = {isa = PBXFileReference; fileEncoding = 4; lastKnownFileType = sourcecode.c.objc; name = EventType.m; path = Logging/EventType.m; sourceTree = "<group>"; };
		2CD6A49616FEC6FB0077328E /* DemographicsViewController.h */ = {isa = PBXFileReference; fileEncoding = 4; lastKnownFileType = sourcecode.c.h; path = DemographicsViewController.h; sourceTree = "<group>"; };
		2CD6A49716FEC6FB0077328E /* DemographicsViewController.m */ = {isa = PBXFileReference; fileEncoding = 4; lastKnownFileType = sourcecode.c.objc; path = DemographicsViewController.m; sourceTree = "<group>"; };
		2CD6A49816FEC6FB0077328E /* DemographicsViewController.xib */ = {isa = PBXFileReference; fileEncoding = 4; lastKnownFileType = file.xib; path = DemographicsViewController.xib; sourceTree = "<group>"; };
		2CD6A49F17001F2A0077328E /* DataSender.h */ = {isa = PBXFileReference; fileEncoding = 4; lastKnownFileType = sourcecode.c.h; name = DataSender.h; path = Networking/DataSender.h; sourceTree = "<group>"; };
		2CD6A4A017001F2A0077328E /* DataSender.m */ = {isa = PBXFileReference; fileEncoding = 4; lastKnownFileType = sourcecode.c.objc; name = DataSender.m; path = Networking/DataSender.m; sourceTree = "<group>"; };
		2CDA13BB16C746CB0084A912 /* LevelSelectorViewController.h */ = {isa = PBXFileReference; fileEncoding = 4; lastKnownFileType = sourcecode.c.h; path = LevelSelectorViewController.h; sourceTree = "<group>"; };
		2CDA13BC16C746CB0084A912 /* LevelSelectorViewController.m */ = {isa = PBXFileReference; fileEncoding = 4; lastKnownFileType = sourcecode.c.objc; path = LevelSelectorViewController.m; sourceTree = "<group>"; };
		2CE3FE7717471D9C00C2632C /* GestureTypeUtility.h */ = {isa = PBXFileReference; fileEncoding = 4; lastKnownFileType = sourcecode.c.h; name = GestureTypeUtility.h; path = GestureDetection/GestureTypeUtility.h; sourceTree = "<group>"; };
		2CE3FE7817471D9C00C2632C /* GestureTypeUtility.m */ = {isa = PBXFileReference; fileEncoding = 4; lastKnownFileType = sourcecode.c.objc; name = GestureTypeUtility.m; path = GestureDetection/GestureTypeUtility.m; sourceTree = "<group>"; };
		2CE3FE7F1747E28900C2632C /* OverviewTutorialViewController.h */ = {isa = PBXFileReference; fileEncoding = 4; lastKnownFileType = sourcecode.c.h; name = OverviewTutorialViewController.h; path = View/OverviewTutorialViewController.h; sourceTree = "<group>"; };
		2CE3FE801747E28900C2632C /* OverviewTutorialViewController.m */ = {isa = PBXFileReference; fileEncoding = 4; lastKnownFileType = sourcecode.c.objc; name = OverviewTutorialViewController.m; path = View/OverviewTutorialViewController.m; sourceTree = "<group>"; };
		2CE3FE811747E28900C2632C /* OverviewTutorialViewController.xib */ = {isa = PBXFileReference; fileEncoding = 4; lastKnownFileType = file.xib; name = OverviewTutorialViewController.xib; path = View/OverviewTutorialViewController.xib; sourceTree = "<group>"; };
		2CF3C31A1736ACDF00D9F4E0 /* GestureDetector.h */ = {isa = PBXFileReference; fileEncoding = 4; lastKnownFileType = sourcecode.c.h; name = GestureDetector.h; path = GestureDetection/GestureDetector.h; sourceTree = "<group>"; };
		2CF3C31B1736ACDF00D9F4E0 /* GestureDetector.m */ = {isa = PBXFileReference; fileEncoding = 4; lastKnownFileType = sourcecode.c.objc; name = GestureDetector.m; path = GestureDetection/GestureDetector.m; sourceTree = "<group>"; };
		2CF3C31D1736B25200D9F4E0 /* BackspaceGestureDetector.h */ = {isa = PBXFileReference; fileEncoding = 4; lastKnownFileType = sourcecode.c.h; name = BackspaceGestureDetector.h; path = GestureDetection/BackspaceGestureDetector.h; sourceTree = "<group>"; };
		2CF3C31E1736B25200D9F4E0 /* BackspaceGestureDetector.m */ = {isa = PBXFileReference; fileEncoding = 4; lastKnownFileType = sourcecode.c.objc; name = BackspaceGestureDetector.m; path = GestureDetection/BackspaceGestureDetector.m; sourceTree = "<group>"; };
		2CF3C32017373E0900D9F4E0 /* GestureDetectorManager.h */ = {isa = PBXFileReference; fileEncoding = 4; lastKnownFileType = sourcecode.c.h; name = GestureDetectorManager.h; path = GestureDetection/GestureDetectorManager.h; sourceTree = "<group>"; };
		2CF3C32117373E0900D9F4E0 /* GestureDetectorManager.m */ = {isa = PBXFileReference; fileEncoding = 4; lastKnownFileType = sourcecode.c.objc; name = GestureDetectorManager.m; path = GestureDetection/GestureDetectorManager.m; sourceTree = "<group>"; };
		2CF3C3231737680800D9F4E0 /* SubmitGestureDetector.h */ = {isa = PBXFileReference; fileEncoding = 4; lastKnownFileType = sourcecode.c.h; name = SubmitGestureDetector.h; path = GestureDetection/SubmitGestureDetector.h; sourceTree = "<group>"; };
		2CF3C3241737680800D9F4E0 /* SubmitGestureDetector.m */ = {isa = PBXFileReference; fileEncoding = 4; lastKnownFileType = sourcecode.c.objc; name = SubmitGestureDetector.m; path = GestureDetection/SubmitGestureDetector.m; sourceTree = "<group>"; };
		2CF5DB9E16B1A834001DB23A /* UserAgreementViewController.h */ = {isa = PBXFileReference; fileEncoding = 4; lastKnownFileType = sourcecode.c.h; path = UserAgreementViewController.h; sourceTree = "<group>"; };
		2CF5DB9F16B1A834001DB23A /* UserAgreementViewController.m */ = {isa = PBXFileReference; fileEncoding = 4; lastKnownFileType = sourcecode.c.objc; path = UserAgreementViewController.m; sourceTree = "<group>"; };
		2CF5DBA016B1A834001DB23A /* UserAgreementViewController.xib */ = {isa = PBXFileReference; fileEncoding = 4; lastKnownFileType = file.xib; path = UserAgreementViewController.xib; sourceTree = "<group>"; };
		39A9D7F616A83D68003A8B7B /* GameEngine.h */ = {isa = PBXFileReference; fileEncoding = 4; lastKnownFileType = sourcecode.c.h; path = GameEngine.h; sourceTree = "<group>"; };
		39A9D7F716A83D68003A8B7B /* GameEngine.m */ = {isa = PBXFileReference; fileEncoding = 4; lastKnownFileType = sourcecode.c.objc; path = GameEngine.m; sourceTree = "<group>"; };
		39A9D7F916A87AF9003A8B7B /* GameEngineTest.h */ = {isa = PBXFileReference; fileEncoding = 4; lastKnownFileType = sourcecode.c.h; path = GameEngineTest.h; sourceTree = "<group>"; };
		39A9D7FA16A87AF9003A8B7B /* GameEngineTest.m */ = {isa = PBXFileReference; fileEncoding = 4; lastKnownFileType = sourcecode.c.objc; path = GameEngineTest.m; sourceTree = "<group>"; };
		39C7C1E5169EFBE900A6DABA /* TapInput.app */ = {isa = PBXFileReference; explicitFileType = wrapper.application; includeInIndex = 0; path = TapInput.app; sourceTree = BUILT_PRODUCTS_DIR; };
		39C7C1E9169EFBE900A6DABA /* UIKit.framework */ = {isa = PBXFileReference; lastKnownFileType = wrapper.framework; name = UIKit.framework; path = System/Library/Frameworks/UIKit.framework; sourceTree = SDKROOT; };
		39C7C1EB169EFBE900A6DABA /* Foundation.framework */ = {isa = PBXFileReference; lastKnownFileType = wrapper.framework; name = Foundation.framework; path = System/Library/Frameworks/Foundation.framework; sourceTree = SDKROOT; };
		39C7C1ED169EFBE900A6DABA /* CoreGraphics.framework */ = {isa = PBXFileReference; lastKnownFileType = wrapper.framework; name = CoreGraphics.framework; path = System/Library/Frameworks/CoreGraphics.framework; sourceTree = SDKROOT; };
		39C7C1F1169EFBE900A6DABA /* TapInput-Info.plist */ = {isa = PBXFileReference; lastKnownFileType = text.plist.xml; path = "TapInput-Info.plist"; sourceTree = "<group>"; };
		39C7C1F3169EFBE900A6DABA /* en */ = {isa = PBXFileReference; lastKnownFileType = text.plist.strings; name = en; path = en.lproj/InfoPlist.strings; sourceTree = "<group>"; };
		39C7C1F5169EFBE900A6DABA /* main.m */ = {isa = PBXFileReference; lastKnownFileType = sourcecode.c.objc; path = main.m; sourceTree = "<group>"; };
		39C7C1F7169EFBE900A6DABA /* TapInput-Prefix.pch */ = {isa = PBXFileReference; lastKnownFileType = sourcecode.c.h; path = "TapInput-Prefix.pch"; sourceTree = "<group>"; };
		39C7C1F8169EFBE900A6DABA /* AppDelegate.h */ = {isa = PBXFileReference; lastKnownFileType = sourcecode.c.h; path = AppDelegate.h; sourceTree = "<group>"; };
		39C7C1F9169EFBE900A6DABA /* AppDelegate.m */ = {isa = PBXFileReference; lastKnownFileType = sourcecode.c.objc; path = AppDelegate.m; sourceTree = "<group>"; };
		39C7C1FB169EFBEA00A6DABA /* Default.png */ = {isa = PBXFileReference; lastKnownFileType = image.png; path = Default.png; sourceTree = "<group>"; };
		39C7C1FD169EFBEA00A6DABA /* Default@2x.png */ = {isa = PBXFileReference; lastKnownFileType = image.png; path = "Default@2x.png"; sourceTree = "<group>"; };
		39C7C1FF169EFBEA00A6DABA /* Default-568h@2x.png */ = {isa = PBXFileReference; lastKnownFileType = image.png; path = "Default-568h@2x.png"; sourceTree = "<group>"; };
		39C7C202169EFBEA00A6DABA /* en */ = {isa = PBXFileReference; lastKnownFileType = file.storyboard; name = en; path = en.lproj/MainStoryboard_iPhone.storyboard; sourceTree = "<group>"; };
		39C7C205169EFBEA00A6DABA /* en */ = {isa = PBXFileReference; lastKnownFileType = file.storyboard; name = en; path = en.lproj/MainStoryboard_iPad.storyboard; sourceTree = "<group>"; };
		39C7C20F169EFBEA00A6DABA /* TapInputTests.octest */ = {isa = PBXFileReference; explicitFileType = wrapper.cfbundle; includeInIndex = 0; path = TapInputTests.octest; sourceTree = BUILT_PRODUCTS_DIR; };
		39C7C210169EFBEA00A6DABA /* SenTestingKit.framework */ = {isa = PBXFileReference; lastKnownFileType = wrapper.framework; name = SenTestingKit.framework; path = Library/Frameworks/SenTestingKit.framework; sourceTree = DEVELOPER_DIR; };
		39C7C218169EFBEA00A6DABA /* TapInputTests-Info.plist */ = {isa = PBXFileReference; lastKnownFileType = text.plist.xml; path = "TapInputTests-Info.plist"; sourceTree = "<group>"; };
		39C7C21A169EFBEA00A6DABA /* en */ = {isa = PBXFileReference; lastKnownFileType = text.plist.strings; name = en; path = en.lproj/InfoPlist.strings; sourceTree = "<group>"; };
		39C7C21C169EFBEA00A6DABA /* TapInputTests.h */ = {isa = PBXFileReference; lastKnownFileType = sourcecode.c.h; path = TapInputTests.h; sourceTree = "<group>"; };
		39C7C21D169EFBEA00A6DABA /* TapInputTests.m */ = {isa = PBXFileReference; lastKnownFileType = sourcecode.c.objc; path = TapInputTests.m; sourceTree = "<group>"; };
		8E9EB8158EE74B37B54EBF0B /* Pods.xcconfig */ = {isa = PBXFileReference; includeInIndex = 1; lastKnownFileType = text.xcconfig; name = Pods.xcconfig; path = Pods/Pods.xcconfig; sourceTree = SOURCE_ROOT; };
/* End PBXFileReference section */

/* Begin PBXFrameworksBuildPhase section */
		39C7C1E2169EFBE900A6DABA /* Frameworks */ = {
			isa = PBXFrameworksBuildPhase;
			buildActionMask = 2147483647;
			files = (
				2CB5BACB171B587E0042AF27 /* GameKit.framework in Frameworks */,
				2C2641AF1703E45600E35977 /* libz.dylib in Frameworks */,
				39C7C1EE169EFBE900A6DABA /* CoreGraphics.framework in Frameworks */,
				2C2641AD1703E44400E35977 /* MobileCoreServices.framework in Frameworks */,
				2C9802F11702759500A8D5C3 /* SystemConfiguration.framework in Frameworks */,
				2C2641AB1703E42F00E35977 /* CFNetwork.framework in Frameworks */,
				2CCC5F0316FBF82800165373 /* CoreData.framework in Frameworks */,
				2C2AF91C16D17511005E837D /* AudioToolbox.framework in Frameworks */,
				39C7C1EA169EFBE900A6DABA /* UIKit.framework in Frameworks */,
				39C7C1EC169EFBE900A6DABA /* Foundation.framework in Frameworks */,
				C8478A223050496F9F7ABBF9 /* libPods.a in Frameworks */,
			);
			runOnlyForDeploymentPostprocessing = 0;
		};
		39C7C20B169EFBEA00A6DABA /* Frameworks */ = {
			isa = PBXFrameworksBuildPhase;
			buildActionMask = 2147483647;
			files = (
				39C7C211169EFBEA00A6DABA /* SenTestingKit.framework in Frameworks */,
				39C7C212169EFBEA00A6DABA /* UIKit.framework in Frameworks */,
				39C7C213169EFBEA00A6DABA /* Foundation.framework in Frameworks */,
			);
			runOnlyForDeploymentPostprocessing = 0;
		};
/* End PBXFrameworksBuildPhase section */

/* Begin PBXGroup section */
		2C2AF91F16D177CD005E837D /* Sound */ = {
			isa = PBXGroup;
			children = (
				2C2AF91D16D177C8005E837D /* Correct.wav */,
				2C2AF92016D17B5D005E837D /* Wrong.wav */,
				2C2AF92216D185EB005E837D /* Backspace.wav */,
				2CD2F86316DB1A7C00839C4B /* DoubleClick.wav */,
				2CD2F86116DB1A4900839C4B /* Click.wav */,
			);
			name = Sound;
			path = TapInput;
			sourceTree = "<group>";
		};
		2C74AED416E3F9750095143A /* Logging */ = {
			isa = PBXGroup;
			children = (
				2CD6A48C16FC07B00077328E /* Event.h */,
				2CD6A48D16FC07B00077328E /* Event.m */,
				2C74AED516E3F9E20095143A /* Logger.h */,
				2C74AED616E3F9E20095143A /* Logger.m */,
				2CD6A49216FD0FE30077328E /* EventType.h */,
				2CD6A49316FD0FE30077328E /* EventType.m */,
				2CD6A48916FBFB740077328E /* LogModel.xcdatamodeld */,
				2CD6A48F16FCDDBF0077328E /* CoreDataModelWrapper.h */,
				2CD6A49016FCDDBF0077328E /* CoreDataModelWrapper.m */,
				2C98C54C171C831F00DA8BAF /* LogSenderOperation.h */,
				2C98C54D171C831F00DA8BAF /* LogSenderOperation.m */,
			);
			name = Logging;
			sourceTree = "<group>";
		};
		2C74AED816E40FE90095143A /* GameModel */ = {
			isa = PBXGroup;
			children = (
				39A9D7F616A83D68003A8B7B /* GameEngine.h */,
				39A9D7F716A83D68003A8B7B /* GameEngine.m */,
				2CA3CD50170FB6A300E06E30 /* GameInformationManager.h */,
				2CA3CD51170FB6A300E06E30 /* GameInformationManager.m */,
			);
			name = GameModel;
			sourceTree = "<group>";
		};
		2CB5BAC9171B56D40042AF27 /* GestureDetection */ = {
			isa = PBXGroup;
			children = (
				2CA62DF117307CC9001B7A97 /* NaturalGestureDetector.h */,
				2CA62DF217307CC9001B7A97 /* NaturalGestureDetector.m */,
				2CA62DF417307FC4001B7A97 /* LessNaturalGestureDetector.h */,
				2CA62DF517307FC4001B7A97 /* LessNaturalGestureDetector.m */,
				2CF3C31A1736ACDF00D9F4E0 /* GestureDetector.h */,
				2CF3C31B1736ACDF00D9F4E0 /* GestureDetector.m */,
				2CF3C31D1736B25200D9F4E0 /* BackspaceGestureDetector.h */,
				2CF3C31E1736B25200D9F4E0 /* BackspaceGestureDetector.m */,
				2CF3C32017373E0900D9F4E0 /* GestureDetectorManager.h */,
				2CF3C32117373E0900D9F4E0 /* GestureDetectorManager.m */,
				2CF3C3231737680800D9F4E0 /* SubmitGestureDetector.h */,
				2CF3C3241737680800D9F4E0 /* SubmitGestureDetector.m */,
				2CE3FE7717471D9C00C2632C /* GestureTypeUtility.h */,
				2CE3FE7817471D9C00C2632C /* GestureTypeUtility.m */,
				2C72545E17598A6900DD17A2 /* SharedGestureState.h */,
				2C72545F17598A6900DD17A2 /* SharedGestureState.m */,
			);
			name = GestureDetection;
			path = ..;
			sourceTree = "<group>";
		};
		2CB5BACC171B5F340042AF27 /* GameCenter */ = {
			isa = PBXGroup;
			children = (
				2CB5BACD171B5F520042AF27 /* GameCenterManager.h */,
				2CB5BACE171B5F520042AF27 /* GameCenterManager.m */,
			);
			name = GameCenter;
			path = ..;
			sourceTree = "<group>";
		};
		2CB97419174982300086D6D9 /* TutorialText */ = {
			isa = PBXGroup;
			children = (
				2CB9741A174982870086D6D9 /* Overview.txt */,
			);
			name = TutorialText;
			sourceTree = "<group>";
		};
		2CB9741C1749C10E0086D6D9 /* Tutorials */ = {
			isa = PBXGroup;
			children = (
				2CE3FE7F1747E28900C2632C /* OverviewTutorialViewController.h */,
				2CE3FE801747E28900C2632C /* OverviewTutorialViewController.m */,
				2CE3FE811747E28900C2632C /* OverviewTutorialViewController.xib */,
				2CB974221749C86E0086D6D9 /* LessNaturalTutorialViewController.h */,
				2CB974231749C86E0086D6D9 /* LessNaturalTutorialViewController.m */,
				2CB974241749C86E0086D6D9 /* LessNaturalTutorialViewController.xib */,
				2CB9741D1749C15E0086D6D9 /* NaturalTutorialViewController.h */,
				2CB9741E1749C15E0086D6D9 /* NaturalTutorialViewController.m */,
				2CB9741F1749C15E0086D6D9 /* NaturalTutorialViewController.xib */,
				2CB974271749C8A70086D6D9 /* TutorialViewController.h */,
				2CB974281749C8A70086D6D9 /* TutorialViewController.m */,
				2CB974291749C8A70086D6D9 /* TutorialViewController.xib */,
			);
			name = Tutorials;
			sourceTree = "<group>";
		};
		2CD6A49516FEC6BD0077328E /* Views */ = {
			isa = PBXGroup;
			children = (
				2CB9741C1749C10E0086D6D9 /* Tutorials */,
				2C52D3CC16BF563C00588266 /* SummaryViewController.h */,
				2C52D3CD16BF563C00588266 /* SummaryViewController.m */,
				2C52D3CE16BF563C00588266 /* SummaryViewController.xib */,
				39C7C201169EFBEA00A6DABA /* MainStoryboard_iPhone.storyboard */,
				39C7C204169EFBEA00A6DABA /* MainStoryboard_iPad.storyboard */,
				2C5CBC9616B0E605006473BB /* ModeSelectorViewController.h */,
				2C5CBC9716B0E605006473BB /* ModeSelectorViewController.m */,
				2C5CBC9816B0E605006473BB /* ModeSelectorViewController.xib */,
				2CAC525B16D0369400DB070B /* StartMenuViewController.h */,
				2CAC525C16D0369400DB070B /* StartMenuViewController.m */,
				2C97440516D0A686001A2E1B /* GameViewController.h */,
				2C97440616D0A686001A2E1B /* GameViewController.m */,
				2C97440716D0A686001A2E1B /* GameViewController.xib */,
				2CF5DB9E16B1A834001DB23A /* UserAgreementViewController.h */,
				2CF5DB9F16B1A834001DB23A /* UserAgreementViewController.m */,
				2CF5DBA016B1A834001DB23A /* UserAgreementViewController.xib */,
				2CDA13BB16C746CB0084A912 /* LevelSelectorViewController.h */,
				2CDA13BC16C746CB0084A912 /* LevelSelectorViewController.m */,
				2C52D3C916BF17F200588266 /* LevelSelectorView.h */,
				2C52D3CA16BF17F200588266 /* LevelSelectorView.m */,
				2CD6A49616FEC6FB0077328E /* DemographicsViewController.h */,
				2CD6A49716FEC6FB0077328E /* DemographicsViewController.m */,
				2CD6A49816FEC6FB0077328E /* DemographicsViewController.xib */,
			);
			name = Views;
			sourceTree = "<group>";
		};
		2CD6A49E17001F0F0077328E /* Networking */ = {
			isa = PBXGroup;
			children = (
				2CD6A49F17001F2A0077328E /* DataSender.h */,
				2CD6A4A017001F2A0077328E /* DataSender.m */,
			);
			name = Networking;
			sourceTree = "<group>";
		};
		2CE3FE761747029400C2632C /* Constants */ = {
			isa = PBXGroup;
			children = (
			);
			name = Constants;
			path = ..;
			sourceTree = "<group>";
		};
		39C7C1DA169EFBE900A6DABA = {
			isa = PBXGroup;
			children = (
				2C2AF91F16D177CD005E837D /* Sound */,
				39C7C1EF169EFBE900A6DABA /* TapInput */,
				39C7C216169EFBEA00A6DABA /* TapInputTests */,
				39C7C1E8169EFBE900A6DABA /* Frameworks */,
				39C7C1E6169EFBE900A6DABA /* Products */,
				8E9EB8158EE74B37B54EBF0B /* Pods.xcconfig */,
			);
			sourceTree = "<group>";
		};
		39C7C1E6169EFBE900A6DABA /* Products */ = {
			isa = PBXGroup;
			children = (
				39C7C1E5169EFBE900A6DABA /* TapInput.app */,
				39C7C20F169EFBEA00A6DABA /* TapInputTests.octest */,
			);
			name = Products;
			sourceTree = "<group>";
		};
		39C7C1E8169EFBE900A6DABA /* Frameworks */ = {
			isa = PBXGroup;
			children = (
				2CB5BACA171B587E0042AF27 /* GameKit.framework */,
				2C2641AE1703E45600E35977 /* libz.dylib */,
				2C2641AC1703E44400E35977 /* MobileCoreServices.framework */,
				2C2641AA1703E42F00E35977 /* CFNetwork.framework */,
				2C9802F01702759500A8D5C3 /* SystemConfiguration.framework */,
				2CCC5F0216FBF82800165373 /* CoreData.framework */,
				2C2AF91B16D17511005E837D /* AudioToolbox.framework */,
				39C7C1E9169EFBE900A6DABA /* UIKit.framework */,
				39C7C1EB169EFBE900A6DABA /* Foundation.framework */,
				39C7C1ED169EFBE900A6DABA /* CoreGraphics.framework */,
				39C7C210169EFBEA00A6DABA /* SenTestingKit.framework */,
				19913A25C0CA481191CF9B95 /* libPods.a */,
			);
			name = Frameworks;
			sourceTree = "<group>";
		};
		39C7C1EF169EFBE900A6DABA /* TapInput */ = {
			isa = PBXGroup;
			children = (
				2CB97419174982300086D6D9 /* TutorialText */,
				2CE3FE761747029400C2632C /* Constants */,
				2CB5BACC171B5F340042AF27 /* GameCenter */,
				39C7C1F8169EFBE900A6DABA /* AppDelegate.h */,
				39C7C1F9169EFBE900A6DABA /* AppDelegate.m */,
				2CD6A49E17001F0F0077328E /* Networking */,
				2CB5BAC9171B56D40042AF27 /* GestureDetection */,
				2CD6A49516FEC6BD0077328E /* Views */,
				2C74AED816E40FE90095143A /* GameModel */,
				2C74AED416E3F9750095143A /* Logging */,
				39C7C1F0169EFBE900A6DABA /* Supporting Files */,
			);
			path = TapInput;
			sourceTree = "<group>";
		};
		39C7C1F0169EFBE900A6DABA /* Supporting Files */ = {
			isa = PBXGroup;
			children = (
				39C7C1F1169EFBE900A6DABA /* TapInput-Info.plist */,
				39C7C1F2169EFBE900A6DABA /* InfoPlist.strings */,
				39C7C1F5169EFBE900A6DABA /* main.m */,
				39C7C1F7169EFBE900A6DABA /* TapInput-Prefix.pch */,
				39C7C1FB169EFBEA00A6DABA /* Default.png */,
				39C7C1FD169EFBEA00A6DABA /* Default@2x.png */,
				39C7C1FF169EFBEA00A6DABA /* Default-568h@2x.png */,
			);
			name = "Supporting Files";
			sourceTree = "<group>";
		};
		39C7C216169EFBEA00A6DABA /* TapInputTests */ = {
			isa = PBXGroup;
			children = (
				39C7C21C169EFBEA00A6DABA /* TapInputTests.h */,
				39C7C21D169EFBEA00A6DABA /* TapInputTests.m */,
				39C7C217169EFBEA00A6DABA /* Supporting Files */,
				39A9D7F916A87AF9003A8B7B /* GameEngineTest.h */,
				39A9D7FA16A87AF9003A8B7B /* GameEngineTest.m */,
			);
			path = TapInputTests;
			sourceTree = "<group>";
		};
		39C7C217169EFBEA00A6DABA /* Supporting Files */ = {
			isa = PBXGroup;
			children = (
				39C7C218169EFBEA00A6DABA /* TapInputTests-Info.plist */,
				39C7C219169EFBEA00A6DABA /* InfoPlist.strings */,
			);
			name = "Supporting Files";
			sourceTree = "<group>";
		};
/* End PBXGroup section */

/* Begin PBXNativeTarget section */
		39C7C1E4169EFBE900A6DABA /* TapInput */ = {
			isa = PBXNativeTarget;
			buildConfigurationList = 39C7C221169EFBEA00A6DABA /* Build configuration list for PBXNativeTarget "TapInput" */;
			buildPhases = (
				39C7C1E1169EFBE900A6DABA /* Sources */,
				39C7C1E2169EFBE900A6DABA /* Frameworks */,
				39C7C1E3169EFBE900A6DABA /* Resources */,
				BBE7661640DD4FE58F172C5B /* Copy Pods Resources */,
			);
			buildRules = (
			);
			dependencies = (
			);
			name = TapInput;
			productName = TapInput;
			productReference = 39C7C1E5169EFBE900A6DABA /* TapInput.app */;
			productType = "com.apple.product-type.application";
		};
		39C7C20E169EFBEA00A6DABA /* TapInputTests */ = {
			isa = PBXNativeTarget;
			buildConfigurationList = 39C7C224169EFBEA00A6DABA /* Build configuration list for PBXNativeTarget "TapInputTests" */;
			buildPhases = (
				39C7C20A169EFBEA00A6DABA /* Sources */,
				39C7C20B169EFBEA00A6DABA /* Frameworks */,
				39C7C20C169EFBEA00A6DABA /* Resources */,
				39C7C20D169EFBEA00A6DABA /* ShellScript */,
			);
			buildRules = (
			);
			dependencies = (
				39C7C215169EFBEA00A6DABA /* PBXTargetDependency */,
			);
			name = TapInputTests;
			productName = TapInputTests;
			productReference = 39C7C20F169EFBEA00A6DABA /* TapInputTests.octest */;
			productType = "com.apple.product-type.bundle";
		};
/* End PBXNativeTarget section */

/* Begin PBXProject section */
		39C7C1DC169EFBE900A6DABA /* Project object */ = {
			isa = PBXProject;
			attributes = {
				LastUpgradeCheck = 0450;
				ORGANIZATIONNAME = MobileAccessibility;
			};
			buildConfigurationList = 39C7C1DF169EFBE900A6DABA /* Build configuration list for PBXProject "TapInput" */;
			compatibilityVersion = "Xcode 3.2";
			developmentRegion = English;
			hasScannedForEncodings = 0;
			knownRegions = (
				en,
			);
			mainGroup = 39C7C1DA169EFBE900A6DABA;
			productRefGroup = 39C7C1E6169EFBE900A6DABA /* Products */;
			projectDirPath = "";
			projectRoot = "";
			targets = (
				39C7C1E4169EFBE900A6DABA /* TapInput */,
				39C7C20E169EFBEA00A6DABA /* TapInputTests */,
			);
		};
/* End PBXProject section */

/* Begin PBXResourcesBuildPhase section */
		39C7C1E3169EFBE900A6DABA /* Resources */ = {
			isa = PBXResourcesBuildPhase;
			buildActionMask = 2147483647;
			files = (
				39C7C1F4169EFBE900A6DABA /* InfoPlist.strings in Resources */,
				39C7C1FC169EFBEA00A6DABA /* Default.png in Resources */,
				39C7C1FE169EFBEA00A6DABA /* Default@2x.png in Resources */,
				39C7C200169EFBEA00A6DABA /* Default-568h@2x.png in Resources */,
				39C7C203169EFBEA00A6DABA /* MainStoryboard_iPhone.storyboard in Resources */,
				39C7C206169EFBEA00A6DABA /* MainStoryboard_iPad.storyboard in Resources */,
				2C5CBC9A16B0E605006473BB /* ModeSelectorViewController.xib in Resources */,
				2CF5DBA216B1A834001DB23A /* UserAgreementViewController.xib in Resources */,
				2C52D3D016BF563C00588266 /* SummaryViewController.xib in Resources */,
				2C97440916D0A686001A2E1B /* GameViewController.xib in Resources */,
				2C2AF91E16D177C8005E837D /* Correct.wav in Resources */,
				2C2AF92116D17B5D005E837D /* Wrong.wav in Resources */,
				2C2AF92316D185EB005E837D /* Backspace.wav in Resources */,
				2CD2F86216DB1A4900839C4B /* Click.wav in Resources */,
				2CD2F86416DB1A7C00839C4B /* DoubleClick.wav in Resources */,
				2CD6A49A16FEC6FB0077328E /* DemographicsViewController.xib in Resources */,
				2CE3FE831747E28A00C2632C /* OverviewTutorialViewController.xib in Resources */,
				2CB9741B174982870086D6D9 /* Overview.txt in Resources */,
				2CB974211749C15E0086D6D9 /* NaturalTutorialViewController.xib in Resources */,
				2CB974261749C86E0086D6D9 /* LessNaturalTutorialViewController.xib in Resources */,
				2CB9742B1749C8A70086D6D9 /* TutorialViewController.xib in Resources */,
			);
			runOnlyForDeploymentPostprocessing = 0;
		};
		39C7C20C169EFBEA00A6DABA /* Resources */ = {
			isa = PBXResourcesBuildPhase;
			buildActionMask = 2147483647;
			files = (
				39C7C21B169EFBEA00A6DABA /* InfoPlist.strings in Resources */,
			);
			runOnlyForDeploymentPostprocessing = 0;
		};
/* End PBXResourcesBuildPhase section */

/* Begin PBXShellScriptBuildPhase section */
		39C7C20D169EFBEA00A6DABA /* ShellScript */ = {
			isa = PBXShellScriptBuildPhase;
			buildActionMask = 2147483647;
			files = (
			);
			inputPaths = (
			);
			outputPaths = (
			);
			runOnlyForDeploymentPostprocessing = 0;
			shellPath = /bin/sh;
			shellScript = "# Run the unit tests in this test bundle.\n\"${SYSTEM_DEVELOPER_DIR}/Tools/RunUnitTests\"\n";
		};
		BBE7661640DD4FE58F172C5B /* Copy Pods Resources */ = {
			isa = PBXShellScriptBuildPhase;
			buildActionMask = 2147483647;
			files = (
			);
			inputPaths = (
			);
			name = "Copy Pods Resources";
			outputPaths = (
			);
			runOnlyForDeploymentPostprocessing = 0;
			shellPath = /bin/sh;
			shellScript = "\"${SRCROOT}/Pods/Pods-resources.sh\"\n";
		};
/* End PBXShellScriptBuildPhase section */

/* Begin PBXSourcesBuildPhase section */
		39C7C1E1169EFBE900A6DABA /* Sources */ = {
			isa = PBXSourcesBuildPhase;
			buildActionMask = 2147483647;
			files = (
				39C7C1F6169EFBE900A6DABA /* main.m in Sources */,
				39C7C1FA169EFBE900A6DABA /* AppDelegate.m in Sources */,
				39A9D7F816A83D68003A8B7B /* GameEngine.m in Sources */,
				2C5CBC9916B0E605006473BB /* ModeSelectorViewController.m in Sources */,
				2CF5DBA116B1A834001DB23A /* UserAgreementViewController.m in Sources */,
				2C52D3CB16BF17F200588266 /* LevelSelectorView.m in Sources */,
				2C52D3CF16BF563C00588266 /* SummaryViewController.m in Sources */,
				2CDA13BD16C746CB0084A912 /* LevelSelectorViewController.m in Sources */,
				2CAC525E16D0369400DB070B /* StartMenuViewController.m in Sources */,
				2C97440816D0A686001A2E1B /* GameViewController.m in Sources */,
				2C74AED716E3F9E20095143A /* Logger.m in Sources */,
				2CD6A48B16FBFB740077328E /* LogModel.xcdatamodeld in Sources */,
				2CD6A48E16FC07B00077328E /* Event.m in Sources */,
				2CD6A49116FCDDBF0077328E /* CoreDataModelWrapper.m in Sources */,
				2CD6A49416FD0FE30077328E /* EventType.m in Sources */,
				2CD6A49916FEC6FB0077328E /* DemographicsViewController.m in Sources */,
				2CD6A4A117001F2A0077328E /* DataSender.m in Sources */,
				2CA3CD52170FB6A300E06E30 /* GameInformationManager.m in Sources */,
				2CB5BACF171B5F520042AF27 /* GameCenterManager.m in Sources */,
				2C98C54E171C831F00DA8BAF /* LogSenderOperation.m in Sources */,
				2CA62DF317307CC9001B7A97 /* NaturalGestureDetector.m in Sources */,
				2CA62DF617307FC4001B7A97 /* LessNaturalGestureDetector.m in Sources */,
				2CF3C31C1736ACDF00D9F4E0 /* GestureDetector.m in Sources */,
				2CF3C31F1736B25200D9F4E0 /* BackspaceGestureDetector.m in Sources */,
				2CF3C32217373E0900D9F4E0 /* GestureDetectorManager.m in Sources */,
				2CF3C3251737680800D9F4E0 /* SubmitGestureDetector.m in Sources */,
				2CE3FE7917471D9C00C2632C /* GestureTypeUtility.m in Sources */,
				2CE3FE821747E28A00C2632C /* OverviewTutorialViewController.m in Sources */,
				2CB974201749C15E0086D6D9 /* NaturalTutorialViewController.m in Sources */,
				2CB974251749C86E0086D6D9 /* LessNaturalTutorialViewController.m in Sources */,
				2CB9742A1749C8A70086D6D9 /* TutorialViewController.m in Sources */,
				2C72546017598A6900DD17A2 /* SharedGestureState.m in Sources */,
			);
			runOnlyForDeploymentPostprocessing = 0;
		};
		39C7C20A169EFBEA00A6DABA /* Sources */ = {
			isa = PBXSourcesBuildPhase;
			buildActionMask = 2147483647;
			files = (
				39C7C21E169EFBEA00A6DABA /* TapInputTests.m in Sources */,
				39A9D7FB16A87AF9003A8B7B /* GameEngineTest.m in Sources */,
			);
			runOnlyForDeploymentPostprocessing = 0;
		};
/* End PBXSourcesBuildPhase section */

/* Begin PBXTargetDependency section */
		39C7C215169EFBEA00A6DABA /* PBXTargetDependency */ = {
			isa = PBXTargetDependency;
			target = 39C7C1E4169EFBE900A6DABA /* TapInput */;
			targetProxy = 39C7C214169EFBEA00A6DABA /* PBXContainerItemProxy */;
		};
/* End PBXTargetDependency section */

/* Begin PBXVariantGroup section */
		39C7C1F2169EFBE900A6DABA /* InfoPlist.strings */ = {
			isa = PBXVariantGroup;
			children = (
				39C7C1F3169EFBE900A6DABA /* en */,
			);
			name = InfoPlist.strings;
			sourceTree = "<group>";
		};
		39C7C201169EFBEA00A6DABA /* MainStoryboard_iPhone.storyboard */ = {
			isa = PBXVariantGroup;
			children = (
				39C7C202169EFBEA00A6DABA /* en */,
			);
			name = MainStoryboard_iPhone.storyboard;
			sourceTree = "<group>";
		};
		39C7C204169EFBEA00A6DABA /* MainStoryboard_iPad.storyboard */ = {
			isa = PBXVariantGroup;
			children = (
				39C7C205169EFBEA00A6DABA /* en */,
			);
			name = MainStoryboard_iPad.storyboard;
			sourceTree = "<group>";
		};
		39C7C219169EFBEA00A6DABA /* InfoPlist.strings */ = {
			isa = PBXVariantGroup;
			children = (
				39C7C21A169EFBEA00A6DABA /* en */,
			);
			name = InfoPlist.strings;
			sourceTree = "<group>";
		};
/* End PBXVariantGroup section */

/* Begin XCBuildConfiguration section */
		39C7C21F169EFBEA00A6DABA /* Debug */ = {
			isa = XCBuildConfiguration;
			buildSettings = {
				ALWAYS_SEARCH_USER_PATHS = NO;
				CLANG_CXX_LANGUAGE_STANDARD = "gnu++0x";
				CLANG_CXX_LIBRARY = "libc++";
				CLANG_ENABLE_OBJC_ARC = YES;
				CLANG_WARN_EMPTY_BODY = YES;
				CLANG_WARN_OBJC_RECEIVER_WEAK = NO;
				CLANG_WARN__DUPLICATE_METHOD_MATCH = YES;
				CODE_SIGN_IDENTITY = "iPhone Developer";
				"CODE_SIGN_IDENTITY[sdk=iphoneos*]" = "iPhone Developer";
				COPY_PHASE_STRIP = NO;
				GCC_C_LANGUAGE_STANDARD = gnu99;
				GCC_DYNAMIC_NO_PIC = NO;
				GCC_OPTIMIZATION_LEVEL = 0;
				GCC_PREPROCESSOR_DEFINITIONS = (
					"DEBUG=1",
					"$(inherited)",
				);
				GCC_SYMBOLS_PRIVATE_EXTERN = NO;
				GCC_WARN_ABOUT_RETURN_TYPE = YES;
				GCC_WARN_UNINITIALIZED_AUTOS = YES;
				GCC_WARN_UNUSED_VARIABLE = YES;
				IPHONEOS_DEPLOYMENT_TARGET = 6.0;
				ONLY_ACTIVE_ARCH = YES;
				PROVISIONING_PROFILE = "";
				SDKROOT = iphoneos;
				TARGETED_DEVICE_FAMILY = "1,2";
			};
			name = Debug;
		};
		39C7C220169EFBEA00A6DABA /* Release */ = {
			isa = XCBuildConfiguration;
			buildSettings = {
				ALWAYS_SEARCH_USER_PATHS = NO;
				CLANG_CXX_LANGUAGE_STANDARD = "gnu++0x";
				CLANG_CXX_LIBRARY = "libc++";
				CLANG_ENABLE_OBJC_ARC = YES;
				CLANG_WARN_EMPTY_BODY = YES;
				CLANG_WARN_OBJC_RECEIVER_WEAK = NO;
				CLANG_WARN__DUPLICATE_METHOD_MATCH = YES;
				CODE_SIGN_IDENTITY = "iPhone Distribution";
				"CODE_SIGN_IDENTITY[sdk=iphoneos*]" = "iPhone Distribution";
				COPY_PHASE_STRIP = YES;
				GCC_C_LANGUAGE_STANDARD = gnu99;
				GCC_WARN_ABOUT_RETURN_TYPE = YES;
				GCC_WARN_UNINITIALIZED_AUTOS = YES;
				GCC_WARN_UNUSED_VARIABLE = YES;
				IPHONEOS_DEPLOYMENT_TARGET = 6.0;
				OTHER_CFLAGS = "-DNS_BLOCK_ASSERTIONS=1";
				PROVISIONING_PROFILE = "";
				"PROVISIONING_PROFILE[sdk=iphoneos*]" = "";
				SDKROOT = iphoneos;
				TARGETED_DEVICE_FAMILY = "1,2";
				VALIDATE_PRODUCT = YES;
			};
			name = Release;
		};
		39C7C222169EFBEA00A6DABA /* Debug */ = {
			isa = XCBuildConfiguration;
			baseConfigurationReference = 8E9EB8158EE74B37B54EBF0B /* Pods.xcconfig */;
			buildSettings = {
				GCC_PRECOMPILE_PREFIX_HEADER = YES;
				GCC_PREFIX_HEADER = "TapInput/TapInput-Prefix.pch";
				INFOPLIST_FILE = "TapInput/TapInput-Info.plist";
				PRODUCT_NAME = "$(TARGET_NAME)";
				WRAPPER_EXTENSION = app;
			};
			name = Debug;
		};
		39C7C223169EFBEA00A6DABA /* Release */ = {
			isa = XCBuildConfiguration;
			baseConfigurationReference = 8E9EB8158EE74B37B54EBF0B /* Pods.xcconfig */;
			buildSettings = {
				GCC_PRECOMPILE_PREFIX_HEADER = YES;
				GCC_PREFIX_HEADER = "TapInput/TapInput-Prefix.pch";
				INFOPLIST_FILE = "TapInput/TapInput-Info.plist";
				PRODUCT_NAME = "$(TARGET_NAME)";
				WRAPPER_EXTENSION = app;
			};
			name = Release;
		};
		39C7C225169EFBEA00A6DABA /* Debug */ = {
			isa = XCBuildConfiguration;
			buildSettings = {
				BUNDLE_LOADER = "$(BUILT_PRODUCTS_DIR)/TapInput.app/TapInput";
				FRAMEWORK_SEARCH_PATHS = (
					"\"$(SDKROOT)/Developer/Library/Frameworks\"",
					"\"$(DEVELOPER_LIBRARY_DIR)/Frameworks\"",
				);
				GCC_PRECOMPILE_PREFIX_HEADER = YES;
				GCC_PREFIX_HEADER = "TapInput/TapInput-Prefix.pch";
				INFOPLIST_FILE = "TapInputTests/TapInputTests-Info.plist";
				PRODUCT_NAME = "$(TARGET_NAME)";
				TEST_HOST = "$(BUNDLE_LOADER)";
				WRAPPER_EXTENSION = octest;
			};
			name = Debug;
		};
		39C7C226169EFBEA00A6DABA /* Release */ = {
			isa = XCBuildConfiguration;
			buildSettings = {
				BUNDLE_LOADER = "$(BUILT_PRODUCTS_DIR)/TapInput.app/TapInput";
				FRAMEWORK_SEARCH_PATHS = (
					"\"$(SDKROOT)/Developer/Library/Frameworks\"",
					"\"$(DEVELOPER_LIBRARY_DIR)/Frameworks\"",
				);
				GCC_PRECOMPILE_PREFIX_HEADER = YES;
				GCC_PREFIX_HEADER = "TapInput/TapInput-Prefix.pch";
				INFOPLIST_FILE = "TapInputTests/TapInputTests-Info.plist";
				PRODUCT_NAME = "$(TARGET_NAME)";
				TEST_HOST = "$(BUNDLE_LOADER)";
				WRAPPER_EXTENSION = octest;
			};
			name = Release;
		};
/* End XCBuildConfiguration section */

/* Begin XCConfigurationList section */
		39C7C1DF169EFBE900A6DABA /* Build configuration list for PBXProject "TapInput" */ = {
			isa = XCConfigurationList;
			buildConfigurations = (
				39C7C21F169EFBEA00A6DABA /* Debug */,
				39C7C220169EFBEA00A6DABA /* Release */,
			);
			defaultConfigurationIsVisible = 0;
			defaultConfigurationName = Release;
		};
		39C7C221169EFBEA00A6DABA /* Build configuration list for PBXNativeTarget "TapInput" */ = {
			isa = XCConfigurationList;
			buildConfigurations = (
				39C7C222169EFBEA00A6DABA /* Debug */,
				39C7C223169EFBEA00A6DABA /* Release */,
			);
			defaultConfigurationIsVisible = 0;
			defaultConfigurationName = Release;
		};
		39C7C224169EFBEA00A6DABA /* Build configuration list for PBXNativeTarget "TapInputTests" */ = {
			isa = XCConfigurationList;
			buildConfigurations = (
				39C7C225169EFBEA00A6DABA /* Debug */,
				39C7C226169EFBEA00A6DABA /* Release */,
			);
			defaultConfigurationIsVisible = 0;
			defaultConfigurationName = Release;
		};
/* End XCConfigurationList section */

/* Begin XCVersionGroup section */
		2CD6A48916FBFB740077328E /* LogModel.xcdatamodeld */ = {
			isa = XCVersionGroup;
			children = (
				2CD6A48A16FBFB740077328E /* LogModel.xcdatamodel */,
			);
			currentVersion = 2CD6A48A16FBFB740077328E /* LogModel.xcdatamodel */;
			name = LogModel.xcdatamodeld;
			path = Logging/LogModel.xcdatamodeld;
			sourceTree = "<group>";
			versionGroupType = wrapper.xcdatamodel;
		};
/* End XCVersionGroup section */
	};
	rootObject = 39C7C1DC169EFBE900A6DABA /* Project object */;
}
