PODS:
  - ASIHTTPRequest (1.8.1):
    - ASIHTTPRequest/ASIWebPageRequest
    - ASIHTTPRequest/CloudFiles
    - ASIHTTPRequest/S3
    - Reachability
  - ASIHTTPRequest/ASIWebPageRequest (1.8.1):
    - Reachability
  - ASIHTTPRequest/CloudFiles (1.8.1):
    - Reachability
  - ASIHTTPRequest/S3 (1.8.1):
    - Reachability
  - Reachability (3.1.1)
  - SVProgressHUD (0.9)

DEPENDENCIES:
  - ASIHTTPRequest (~> 1.8.1)
  - Reachability (~> 3.1.0)
  - SVProgressHUD (~> 0.9)

SPEC CHECKSUMS:
  ASIHTTPRequest: 162783e0cd71bdd3ff1ceed0cd5fa9505e0116a8
  Reachability: 2be6bc2fd2bd31d97f5db33e75e4b29c79e95883
  SVProgressHUD: 03d4845ec8e64591726428a08236c6a5489d45f8

COCOAPODS: 0.27.1
